
Microsoft Visual Studio Solution File, Format Version 12.00
# Visual Studio Version 17
VisualStudioVersion = 17.14.36518.9 d17.14
MinimumVisualStudioVersion = 10.0.40219.1
Project("{FAE04EC0-301F-11D3-BF4B-00C04F79EFBC}") = "lab4", "lab4\lab4.csproj", "{AD4A4BB9-A707-4782-8FA0-E69C9123A2F1}"
EndProject
Global
	GlobalSection(SolutionConfigurationPlatforms) = preSolution
		Debug|Any CPU = Debug|Any CPU
		Release|Any CPU = Release|Any CPU
	EndGlobalSection
	GlobalSection(ProjectConfigurationPlatforms) = postSolution
		{AD4A4BB9-A707-4782-8FA0-E69C9123A2F1}.Debug|Any CPU.ActiveCfg = Debug|Any CPU
		{AD4A4BB9-A707-4782-8FA0-E69C9123A2F1}.Debug|Any CPU.Build.0 = Debug|Any CPU
		{AD4A4BB9-A707-4782-8FA0-E69C9123A2F1}.Release|Any CPU.ActiveCfg = Release|Any CPU
		{AD4A4BB9-A707-4782-8FA0-E69C9123A2F1}.Release|Any CPU.Build.0 = Release|Any CPU
	EndGlobalSection
	GlobalSection(SolutionProperties) = preSolution
		HideSolutionNode = FALSE
	EndGlobalSection
	GlobalSection(ExtensibilityGlobals) = postSolution
		SolutionGuid = {F65C83A2-287E-45D9-AD97-8A3561A5C331}
	EndGlobalSection
EndGlobal
