Microsoft Visual Studio Solution File, Format Version 12.00
# Visual Studio Version 17
VisualStudioVersion = 17.0.31912.275
MinimumVisualStudioVersion = 10.0.40219.1
Project("{FAE04EC0-301F-11D3-BF4B-00C04F79EFBC}") = "SmartApp.Common", "SmartApp.Common\SmartApp.Common.csproj", "{889C6701-E87C-4514-9826-1907F5B08186}"
EndProject
Project("{FAE04EC0-301F-11D3-BF4B-00C04F79EFBC}") = "SmartApp.Device.Speaker", "SmartApp.Device.Speaker\SmartApp.Device.Speaker.csproj", "{D75C4AD5-0B5B-4D56-BC30-F6D9EBDFBF5E}"
EndProject
Project("{FAE04EC0-301F-11D3-BF4B-00C04F79EFBC}") = "SmartApp.Device.Light", "SmartApp.Device.Light\SmartApp.Device.Light.csproj", "{330C01E4-1E66-47AA-BE90-1FAF5BC99298}"
EndProject
Project("{FAE04EC0-301F-11D3-BF4B-00C04F79EFBC}") = "SmartApp.Device.Curtains", "SmartApp.Device.Curtains\SmartApp.Device.Curtains.csproj", "{74DE1672-F9C8-4F9F-A4D6-9F39C6AB91CD}"
EndProject
Project("{FAE04EC0-301F-11D3-BF4B-00C04F79EFBC}") = "SmartApp.Device.Thermostat", "SmartApp.Device.Thermostat\SmartApp.Device.Thermostat.csproj", "{BAA65F1B-354F-4831-B6FB-C226D02D4EBB}"
EndProject
Project("{FAE04EC0-301F-11D3-BF4B-00C04F79EFBC}") = "SmartApp.Controller", "SmartApp.Controller\SmartApp.Controller.csproj", "{455277FB-EB19-4428-9B63-B08A8B51E904}"
EndProject
Global
	GlobalSection(SolutionConfigurationPlatforms) = preSolution
		Debug|Any CPU = Debug|Any CPU
		Release|Any CPU = Release|Any CPU
	EndGlobalSection
	GlobalSection(ProjectConfigurationPlatforms) = postSolution
		{889C6701-E87C-4514-9826-1907F5B08186}.Debug|Any CPU.ActiveCfg = Debug|Any CPU
		{889C6701-E87C-4514-9826-1907F5B08186}.Debug|Any CPU.Build.0 = Debug|Any CPU
		{889C6701-E87C-4514-9826-1907F5B08186}.Release|Any CPU.ActiveCfg = Release|Any CPU
		{889C6701-E87C-4514-9826-1907F5B08186}.Release|Any CPU.Build.0 = Release|Any CPU
		{D75C4AD5-0B5B-4D56-BC30-F6D9EBDFBF5E}.Debug|Any CPU.ActiveCfg = Debug|Any CPU
		{D75C4AD5-0B5B-4D56-BC30-F6D9EBDFBF5E}.Debug|Any CPU.Build.0 = Debug|Any CPU
		{D75C4AD5-0B5B-4D56-BC30-F6D9EBDFBF5E}.Release|Any CPU.ActiveCfg = Release|Any CPU
		{D75C4AD5-0B5B-4D56-BC30-F6D9EBDFBF5E}.Release|Any CPU.Build.0 = Release|Any CPU
		{330C01E4-1E66-47AA-BE90-1FAF5BC99298}.Debug|Any CPU.ActiveCfg = Debug|Any CPU
		{330C01E4-1E66-47AA-BE90-1FAF5BC99298}.Debug|Any CPU.Build.0 = Debug|Any CPU
		{330C01E4-1E66-47AA-BE90-1FAF5BC99298}.Release|Any CPU.ActiveCfg = Release|Any CPU
		{330C01E4-1E66-47AA-BE90-1FAF5BC99298}.Release|Any CPU.Build.0 = Release|Any CPU
		{74DE1672-F9C8-4F9F-A4D6-9F39C6AB91CD}.Debug|Any CPU.ActiveCfg = Debug|Any CPU
		{74DE1672-F9C8-4F9F-A4D6-9F39C6AB91CD}.Debug|Any CPU.Build.0 = Debug|Any CPU
		{74DE1672-F9C8-4F9F-A4D6-9F39C6AB91CD}.Release|Any CPU.ActiveCfg = Release|Any CPU
		{74DE1672-F9C8-4F9F-A4D6-9F39C6AB91CD}.Release|Any CPU.Build.0 = Release|Any CPU
		{BAA65F1B-354F-4831-B6FB-C226D02D4EBB}.Debug|Any CPU.ActiveCfg = Debug|Any CPU
		{BAA65F1B-354F-4831-B6FB-C226D02D4EBB}.Debug|Any CPU.Build.0 = Debug|Any CPU
		{BAA65F1B-354F-4831-B6FB-C226D02D4EBB}.Release|Any CPU.ActiveCfg = Release|Any CPU
		{BAA65F1B-354F-4831-B6FB-C226D02D4EBB}.Release|Any CPU.Build.0 = Release|Any CPU
		{455277FB-EB19-4428-9B63-B08A8B51E904}.Debug|Any CPU.ActiveCfg = Debug|Any CPU
		{455277FB-EB19-4428-9B63-B08A8B51E904}.Debug|Any CPU.Build.0 = Debug|Any CPU
		{455277FB-EB19-4428-9B63-B08A8B51E904}.Release|Any CPU.ActiveCfg = Release|Any CPU
		{455277FB-EB19-4428-9B63-B08A8B51E904}.Release|Any CPU.Build.0 = Release|Any CPU
	EndGlobalSection
EndGlobal